<?xml version="1.0" encoding="utf-8"?>
<Project ToolsVersion="4.0" xmlns="http://schemas.microsoft.com/developer/msbuild/2003">
  <ItemGroup>
    <Filter Include="Source Files">
      <UniqueIdentifier>{4FC737F1-C7A5-4376-A066-2A32D752A2FF}</UniqueIdentifier>
      <Extensions>cpp;c;cc;cxx;def;odl;idl;hpj;bat;asm;asmx</Extensions>
    </Filter>
    <Filter Include="Header Files">
      <UniqueIdentifier>{93995380-89BD-4b04-88EB-625FBE52EBFB}</UniqueIdentifier>
      <Extensions>h;hh;hpp;hxx;hm;inl;inc;xsd</Extensions>
    </Filter>
    <Filter Include="Resource Files">
      <UniqueIdentifier>{67DA6AB6-F800-4c08-8B7A-83BB121AAD01}</UniqueIdentifier>
      <Extensions>rc;ico;cur;bmp;dlg;rc2;rct;bin;rgs;gif;jpg;jpeg;jpe;resx;tiff;tif;png;wav;mfcribbon-ms</Extensions>
    </Filter>
    <Filter Include="Header Files\Entities">
      <UniqueIdentifier>{544095ff-bb7d-48ef-823b-a8c3b74bb132}</UniqueIdentifier>
    </Filter>
    <Filter Include="Source Files\Entities">
      <UniqueIdentifier>{db121f89-00a7-43a8-88e4-c20b24a18176}</UniqueIdentifier>
    </Filter>
    <Filter Include="Header Files\Cannons">
      <UniqueIdentifier>{2b0b3955-b8c1-4910-bbca-ddad00ddc7e7}</UniqueIdentifier>
    </Filter>
    <Filter Include="Source Files\Cannons">
      <UniqueIdentifier>{2a227507-ba73-4937-b5ad-cd8d57f84180}</UniqueIdentifier>
    </Filter>
    <Filter Include="Source Files\Additional libraries">
      <UniqueIdentifier>{09e3efd3-64df-49ca-bc55-aade181a7855}</UniqueIdentifier>
    </Filter>
    <Filter Include="Header Files\Additional libraries">
      <UniqueIdentifier>{fbb30ed2-88bd-428d-a52b-1da75ed79511}</UniqueIdentifier>
    </Filter>
  </ItemGroup>
  <ItemGroup>
    <ClInclude Include="Enemy.h">
      <Filter>Header Files\Entities</Filter>
    </ClInclude>
    <ClInclude Include="player.h">
      <Filter>Header Files\Entities</Filter>
    </ClInclude>
    <ClInclude Include="Reaper.h">
      <Filter>Header Files\Entities</Filter>
    </ClInclude>
    <ClInclude Include="cannonBase.h">
      <Filter>Header Files\Cannons</Filter>
    </ClInclude>
    <ClInclude Include="cannon.h">
      <Filter>Header Files\Cannons</Filter>
    </ClInclude>
    <ClInclude Include="bullet.h">
      <Filter>Header Files\Cannons</Filter>
    </ClInclude>
    <ClInclude Include="targetver.h">
      <Filter>Header Files\Additional libraries</Filter>
    </ClInclude>
    <ClInclude Include="stdafx.h">
      <Filter>Header Files\Additional libraries</Filter>
    </ClInclude>
    <ClInclude Include="physics.h">
      <Filter>Header Files\Additional libraries</Filter>
    </ClInclude>
    <ClInclude Include="allLists.h">
      <Filter>Header Files\Additional libraries</Filter>
    </ClInclude>
  </ItemGroup>
  <ItemGroup>
    <ClCompile Include="JCL.cpp">
      <Filter>Source Files</Filter>
    </ClCompile>
    <ClCompile Include="Enemy.cpp">
      <Filter>Source Files\Entities</Filter>
    </ClCompile>
    <ClCompile Include="Reaper.cpp">
      <Filter>Source Files\Entities</Filter>
    </ClCompile>
    <ClCompile Include="player.cpp">
      <Filter>Source Files\Entities</Filter>
    </ClCompile>
    <ClCompile Include="bullet.cpp">
      <Filter>Source Files\Cannons</Filter>
    </ClCompile>
    <ClCompile Include="cannon.cpp">
      <Filter>Source Files\Cannons</Filter>
    </ClCompile>
    <ClCompile Include="cannonBase.cpp">
      <Filter>Source Files\Cannons</Filter>
    </ClCompile>
    <ClCompile Include="stdafx.cpp">
      <Filter>Source Files\Additional libraries</Filter>
    </ClCompile>
    <ClCompile Include="physics.cpp">
      <Filter>Source Files\Additional libraries</Filter>
    </ClCompile>
    <ClCompile Include="allLists.cpp">
      <Filter>Source Files\Additional libraries</Filter>
    </ClCompile>
  </ItemGroup>
</Project>